
Microsoft Visual Studio Solution File, Format Version 11.00
# Visual Studio 2010
Project("{888888A0-9F3D-457C-B088-3A5042F75D52}") = "Kixeye", "Kixeye\Kixeye.pyproj", "{CF994735-6068-410A-8107-995477A51455}"
EndProject
Project("{888888A0-9F3D-457C-B088-3A5042F75D52}") = "KixeyeWebService", "KixeyeWebService\KixeyeWebService.pyproj", "{88A8DE2B-3133-462C-BD2E-B3D06A14D966}"
EndProject
Global
	GlobalSection(SolutionConfigurationPlatforms) = preSolution
		Debug|Any CPU = Debug|Any CPU
		Release|Any CPU = Release|Any CPU
	EndGlobalSection
	GlobalSection(ProjectConfigurationPlatforms) = postSolution
		{CF994735-6068-410A-8107-995477A51455}.Debug|Any CPU.ActiveCfg = Debug|Any CPU
		{CF994735-6068-410A-8107-995477A51455}.Debug|Any CPU.Build.0 = Debug|Any CPU
		{CF994735-6068-410A-8107-995477A51455}.Release|Any CPU.ActiveCfg = Release|Any CPU
		{CF994735-6068-410A-8107-995477A51455}.Release|Any CPU.Build.0 = Release|Any CPU
		{88A8DE2B-3133-462C-BD2E-B3D06A14D966}.Debug|Any CPU.ActiveCfg = Debug|Any CPU
		{88A8DE2B-3133-462C-BD2E-B3D06A14D966}.Debug|Any CPU.Build.0 = Debug|Any CPU
		{88A8DE2B-3133-462C-BD2E-B3D06A14D966}.Release|Any CPU.ActiveCfg = Release|Any CPU
		{88A8DE2B-3133-462C-BD2E-B3D06A14D966}.Release|Any CPU.Build.0 = Release|Any CPU
	EndGlobalSection
	GlobalSection(SolutionProperties) = preSolution
		HideSolutionNode = FALSE
	EndGlobalSection
EndGlobal
